
Microsoft Visual Studio Solution File, Format Version 12.00
# Visual Studio Version 17
VisualStudioVersion = 17.13.35825.156 d17.13
MinimumVisualStudioVersion = 10.0.40219.1
Project("{FAE04EC0-301F-11D3-BF4B-00C04F79EFBC}") = "entregable2juego", "entregable2juego\entregable2juego.csproj", "{C26FC96F-E2B8-4255-A6D0-067B35470506}"
EndProject
Global
	GlobalSection(SolutionConfigurationPlatforms) = preSolution
		Debug|Any CPU = Debug|Any CPU
		Release|Any CPU = Release|Any CPU
	EndGlobalSection
	GlobalSection(ProjectConfigurationPlatforms) = postSolution
		{C26FC96F-E2B8-4255-A6D0-067B35470506}.Debug|Any CPU.ActiveCfg = Debug|Any CPU
		{C26FC96F-E2B8-4255-A6D0-067B35470506}.Debug|Any CPU.Build.0 = Debug|Any CPU
		{C26FC96F-E2B8-4255-A6D0-067B35470506}.Release|Any CPU.ActiveCfg = Release|Any CPU
		{C26FC96F-E2B8-4255-A6D0-067B35470506}.Release|Any CPU.Build.0 = Release|Any CPU
	EndGlobalSection
	GlobalSection(SolutionProperties) = preSolution
		HideSolutionNode = FALSE
	EndGlobalSection
	GlobalSection(ExtensibilityGlobals) = postSolution
		SolutionGuid = {099EF1A8-37D0-420A-91A0-51B50FD78557}
	EndGlobalSection
EndGlobal
